
Microsoft Visual Studio Solution File, Format Version 12.00
# Visual Studio Version 17
VisualStudioVersion = 17.8.34316.72
MinimumVisualStudioVersion = 10.0.40219.1
Project("{FAE04EC0-301F-11D3-BF4B-00C04F79EFBC}") = "Example3.1._BirthDateString", "Example3.1._BirthDateString\Example3.1._BirthDateString.csproj", "{BEE1DC97-0892-46D7-950F-3A7B037614AB}"
EndProject
Global
	GlobalSection(SolutionConfigurationPlatforms) = preSolution
		Debug|Any CPU = Debug|Any CPU
		Release|Any CPU = Release|Any CPU
	EndGlobalSection
	GlobalSection(ProjectConfigurationPlatforms) = postSolution
		{BEE1DC97-0892-46D7-950F-3A7B037614AB}.Debug|Any CPU.ActiveCfg = Debug|Any CPU
		{BEE1DC97-0892-46D7-950F-3A7B037614AB}.Debug|Any CPU.Build.0 = Debug|Any CPU
		{BEE1DC97-0892-46D7-950F-3A7B037614AB}.Release|Any CPU.ActiveCfg = Release|Any CPU
		{BEE1DC97-0892-46D7-950F-3A7B037614AB}.Release|Any CPU.Build.0 = Release|Any CPU
	EndGlobalSection
	GlobalSection(SolutionProperties) = preSolution
		HideSolutionNode = FALSE
	EndGlobalSection
	GlobalSection(ExtensibilityGlobals) = postSolution
		SolutionGuid = {AFA15665-A049-4E19-8353-2D7375FE4523}
	EndGlobalSection
EndGlobal
