
Microsoft Visual Studio Solution File, Format Version 12.00
# Visual Studio Version 17
VisualStudioVersion = 17.8.34316.72
MinimumVisualStudioVersion = 10.0.40219.1
Project("{FAE04EC0-301F-11D3-BF4B-00C04F79EFBC}") = "DevelopingExercise155.6_OrionConstellation", "DevelopingExercise155.6_OrionConstellation\DevelopingExercise155.6_OrionConstellation.csproj", "{7B9EA6F3-6988-4E9C-B4CB-E231F47E22BE}"
EndProject
Global
	GlobalSection(SolutionConfigurationPlatforms) = preSolution
		Debug|Any CPU = Debug|Any CPU
		Release|Any CPU = Release|Any CPU
	EndGlobalSection
	GlobalSection(ProjectConfigurationPlatforms) = postSolution
		{7B9EA6F3-6988-4E9C-B4CB-E231F47E22BE}.Debug|Any CPU.ActiveCfg = Debug|Any CPU
		{7B9EA6F3-6988-4E9C-B4CB-E231F47E22BE}.Debug|Any CPU.Build.0 = Debug|Any CPU
		{7B9EA6F3-6988-4E9C-B4CB-E231F47E22BE}.Release|Any CPU.ActiveCfg = Release|Any CPU
		{7B9EA6F3-6988-4E9C-B4CB-E231F47E22BE}.Release|Any CPU.Build.0 = Release|Any CPU
	EndGlobalSection
	GlobalSection(SolutionProperties) = preSolution
		HideSolutionNode = FALSE
	EndGlobalSection
	GlobalSection(ExtensibilityGlobals) = postSolution
		SolutionGuid = {D74C3E1F-CED9-4E5F-87D8-4A5D09737987}
	EndGlobalSection
EndGlobal
